# This file was autogenerated by Stack.
# You should not edit this file by hand.
# For more information, please see the documentation at:
#   https://docs.haskellstack.org/en/stable/lock_files

packages:
- completed:
    commit: eb045df1a4eaf276ff9b3c21c0a653dc306e387d
    git: https://github.com/thyeem/s.git
    name: s
    pantry-tree:
      sha256: a441e86ff94fa9bc8343f775f0a2d4a1d16ede98cae5c768be46ea21cfff0948
      size: 1593
    version: 0.1.1
  original:
    commit: eb045df1a4eaf276ff9b3c21c0a653dc306e387d
    git: https://github.com/thyeem/s.git
snapshots:
- completed:
    sha256: 5a59b2a405b3aba3c00188453be172b85893cab8ebc352b1ef58b0eae5d248a2
    size: 650475
    url: https://raw.githubusercontent.com/commercialhaskell/stackage-snapshots/master/lts/20/26.yaml
  original: lts-20.26
